
Microsoft Visual Studio Solution File, Format Version 12.00
# Visual Studio Version 17
VisualStudioVersion = 17.3.32819.101
MinimumVisualStudioVersion = 10.0.40219.1
Project("{9A19103F-16F7-4668-BE54-9A1E7A4F7556}") = "myStoreWeb", "myStoreWeb.csproj", "{57DC4267-5D90-4A74-A6C8-93CB9F4F224D}"
EndProject
Global
	GlobalSection(SolutionConfigurationPlatforms) = preSolution
		Debug|Any CPU = Debug|Any CPU
		Release|Any CPU = Release|Any CPU
	EndGlobalSection
	GlobalSection(ProjectConfigurationPlatforms) = postSolution
		{57DC4267-5D90-4A74-A6C8-93CB9F4F224D}.Debug|Any CPU.ActiveCfg = Debug|Any CPU
		{57DC4267-5D90-4A74-A6C8-93CB9F4F224D}.Debug|Any CPU.Build.0 = Debug|Any CPU
		{57DC4267-5D90-4A74-A6C8-93CB9F4F224D}.Release|Any CPU.ActiveCfg = Release|Any CPU
		{57DC4267-5D90-4A74-A6C8-93CB9F4F224D}.Release|Any CPU.Build.0 = Release|Any CPU
	EndGlobalSection
	GlobalSection(SolutionProperties) = preSolution
		HideSolutionNode = FALSE
	EndGlobalSection
	GlobalSection(ExtensibilityGlobals) = postSolution
		SolutionGuid = {82A5F9F6-902E-4FDE-BA04-94B68B53E4FF}
	EndGlobalSection
EndGlobal
